
Microsoft Visual Studio Solution File, Format Version 12.00
# Visual Studio Version 16
VisualStudioVersion = 16.0.33027.164
MinimumVisualStudioVersion = 10.0.40219.1
Project("{FAE04EC0-301F-11D3-BF4B-00C04F79EFBC}") = "LR11", "LR11\LR11.csproj", "{AA61B585-7409-4422-9595-FADC09317FD4}"
EndProject
Global
	GlobalSection(SolutionConfigurationPlatforms) = preSolution
		Debug|Any CPU = Debug|Any CPU
		Release|Any CPU = Release|Any CPU
	EndGlobalSection
	GlobalSection(ProjectConfigurationPlatforms) = postSolution
		{AA61B585-7409-4422-9595-FADC09317FD4}.Debug|Any CPU.ActiveCfg = Debug|Any CPU
		{AA61B585-7409-4422-9595-FADC09317FD4}.Debug|Any CPU.Build.0 = Debug|Any CPU
		{AA61B585-7409-4422-9595-FADC09317FD4}.Release|Any CPU.ActiveCfg = Release|Any CPU
		{AA61B585-7409-4422-9595-FADC09317FD4}.Release|Any CPU.Build.0 = Release|Any CPU
	EndGlobalSection
	GlobalSection(SolutionProperties) = preSolution
		HideSolutionNode = FALSE
	EndGlobalSection
	GlobalSection(ExtensibilityGlobals) = postSolution
		SolutionGuid = {A96FE8E8-775E-4B0D-AF93-4D9817953190}
	EndGlobalSection
EndGlobal
