
Microsoft Visual Studio Solution File, Format Version 12.00
# Visual Studio Version 17
VisualStudioVersion = 17.3.32901.215
MinimumVisualStudioVersion = 10.0.40219.1
Project("{FAE04EC0-301F-11D3-BF4B-00C04F79EFBC}") = "Project04", "Project04.csproj", "{5B6D5854-C987-49E5-A5D7-A4704986E258}"
EndProject
Global
	GlobalSection(SolutionConfigurationPlatforms) = preSolution
		Debug|Any CPU = Debug|Any CPU
		Release|Any CPU = Release|Any CPU
	EndGlobalSection
	GlobalSection(ProjectConfigurationPlatforms) = postSolution
		{5B6D5854-C987-49E5-A5D7-A4704986E258}.Debug|Any CPU.ActiveCfg = Debug|Any CPU
		{5B6D5854-C987-49E5-A5D7-A4704986E258}.Debug|Any CPU.Build.0 = Debug|Any CPU
		{5B6D5854-C987-49E5-A5D7-A4704986E258}.Release|Any CPU.ActiveCfg = Release|Any CPU
		{5B6D5854-C987-49E5-A5D7-A4704986E258}.Release|Any CPU.Build.0 = Release|Any CPU
	EndGlobalSection
	GlobalSection(SolutionProperties) = preSolution
		HideSolutionNode = FALSE
	EndGlobalSection
	GlobalSection(ExtensibilityGlobals) = postSolution
		SolutionGuid = {EC308860-913C-485E-A75B-8B4B7976F5AE}
	EndGlobalSection
EndGlobal
