
Microsoft Visual Studio Solution File, Format Version 12.00
# Visual Studio Version 16
VisualStudioVersion = 16.0.33027.164
MinimumVisualStudioVersion = 10.0.40219.1
Project("{FAE04EC0-301F-11D3-BF4B-00C04F79EFBC}") = "LR19", "LR19\LR19.csproj", "{20EAF2DA-47CF-42C3-8E17-303037B9EC7F}"
EndProject
Global
	GlobalSection(SolutionConfigurationPlatforms) = preSolution
		Debug|Any CPU = Debug|Any CPU
		Release|Any CPU = Release|Any CPU
	EndGlobalSection
	GlobalSection(ProjectConfigurationPlatforms) = postSolution
		{20EAF2DA-47CF-42C3-8E17-303037B9EC7F}.Debug|Any CPU.ActiveCfg = Debug|Any CPU
		{20EAF2DA-47CF-42C3-8E17-303037B9EC7F}.Debug|Any CPU.Build.0 = Debug|Any CPU
		{20EAF2DA-47CF-42C3-8E17-303037B9EC7F}.Release|Any CPU.ActiveCfg = Release|Any CPU
		{20EAF2DA-47CF-42C3-8E17-303037B9EC7F}.Release|Any CPU.Build.0 = Release|Any CPU
	EndGlobalSection
	GlobalSection(SolutionProperties) = preSolution
		HideSolutionNode = FALSE
	EndGlobalSection
	GlobalSection(ExtensibilityGlobals) = postSolution
		SolutionGuid = {75C99D94-2C44-4375-B1DC-E4DAAFBE89FC}
	EndGlobalSection
EndGlobal
