
Microsoft Visual Studio Solution File, Format Version 12.00
# Visual Studio Version 16
VisualStudioVersion = 16.0.32901.82
MinimumVisualStudioVersion = 10.0.40219.1
Project("{FAE04EC0-301F-11D3-BF4B-00C04F79EFBC}") = "Project05", "Project05.csproj", "{3CF23828-B2BA-43FA-B3F9-7BCC6394039F}"
EndProject
Global
	GlobalSection(SolutionConfigurationPlatforms) = preSolution
		Debug|Any CPU = Debug|Any CPU
		Release|Any CPU = Release|Any CPU
	EndGlobalSection
	GlobalSection(ProjectConfigurationPlatforms) = postSolution
		{3CF23828-B2BA-43FA-B3F9-7BCC6394039F}.Debug|Any CPU.ActiveCfg = Debug|Any CPU
		{3CF23828-B2BA-43FA-B3F9-7BCC6394039F}.Debug|Any CPU.Build.0 = Debug|Any CPU
		{3CF23828-B2BA-43FA-B3F9-7BCC6394039F}.Release|Any CPU.ActiveCfg = Release|Any CPU
		{3CF23828-B2BA-43FA-B3F9-7BCC6394039F}.Release|Any CPU.Build.0 = Release|Any CPU
	EndGlobalSection
	GlobalSection(SolutionProperties) = preSolution
		HideSolutionNode = FALSE
	EndGlobalSection
	GlobalSection(ExtensibilityGlobals) = postSolution
		SolutionGuid = {03966DAD-3A82-4F75-9D35-3E33285983B9}
	EndGlobalSection
EndGlobal
