
Microsoft Visual Studio Solution File, Format Version 12.00
# Visual Studio Version 16
VisualStudioVersion = 16.0.33027.164
MinimumVisualStudioVersion = 10.0.40219.1
Project("{FAE04EC0-301F-11D3-BF4B-00C04F79EFBC}") = "LR35", "LR35\LR35.csproj", "{4445AAC0-B340-405B-A99B-446055F56555}"
EndProject
Global
	GlobalSection(SolutionConfigurationPlatforms) = preSolution
		Debug|Any CPU = Debug|Any CPU
		Release|Any CPU = Release|Any CPU
	EndGlobalSection
	GlobalSection(ProjectConfigurationPlatforms) = postSolution
		{4445AAC0-B340-405B-A99B-446055F56555}.Debug|Any CPU.ActiveCfg = Debug|Any CPU
		{4445AAC0-B340-405B-A99B-446055F56555}.Debug|Any CPU.Build.0 = Debug|Any CPU
		{4445AAC0-B340-405B-A99B-446055F56555}.Release|Any CPU.ActiveCfg = Release|Any CPU
		{4445AAC0-B340-405B-A99B-446055F56555}.Release|Any CPU.Build.0 = Release|Any CPU
	EndGlobalSection
	GlobalSection(SolutionProperties) = preSolution
		HideSolutionNode = FALSE
	EndGlobalSection
	GlobalSection(ExtensibilityGlobals) = postSolution
		SolutionGuid = {E3F9BC95-262C-466C-9241-81737E598F24}
	EndGlobalSection
EndGlobal
