
Microsoft Visual Studio Solution File, Format Version 12.00
# Visual Studio Version 16
VisualStudioVersion = 16.0.33027.164
MinimumVisualStudioVersion = 10.0.40219.1
Project("{FAE04EC0-301F-11D3-BF4B-00C04F79EFBC}") = "LR42", "LR42\LR42.csproj", "{3EB01DA9-5D39-4B78-BCF4-006D20CDCAF2}"
EndProject
Global
	GlobalSection(SolutionConfigurationPlatforms) = preSolution
		Debug|Any CPU = Debug|Any CPU
		Release|Any CPU = Release|Any CPU
	EndGlobalSection
	GlobalSection(ProjectConfigurationPlatforms) = postSolution
		{3EB01DA9-5D39-4B78-BCF4-006D20CDCAF2}.Debug|Any CPU.ActiveCfg = Debug|Any CPU
		{3EB01DA9-5D39-4B78-BCF4-006D20CDCAF2}.Debug|Any CPU.Build.0 = Debug|Any CPU
		{3EB01DA9-5D39-4B78-BCF4-006D20CDCAF2}.Release|Any CPU.ActiveCfg = Release|Any CPU
		{3EB01DA9-5D39-4B78-BCF4-006D20CDCAF2}.Release|Any CPU.Build.0 = Release|Any CPU
	EndGlobalSection
	GlobalSection(SolutionProperties) = preSolution
		HideSolutionNode = FALSE
	EndGlobalSection
	GlobalSection(ExtensibilityGlobals) = postSolution
		SolutionGuid = {174C0469-39EA-4B2F-9396-1A91B09A9D5E}
	EndGlobalSection
EndGlobal
