
Microsoft Visual Studio Solution File, Format Version 12.00
# Visual Studio Version 16
VisualStudioVersion = 16.0.33027.164
MinimumVisualStudioVersion = 10.0.40219.1
Project("{FAE04EC0-301F-11D3-BF4B-00C04F79EFBC}") = "LR19", "LR19\LR19.csproj", "{2448E2B3-2D11-42F8-A09F-5B7CD1FCEDFA}"
EndProject
Global
	GlobalSection(SolutionConfigurationPlatforms) = preSolution
		Debug|Any CPU = Debug|Any CPU
		Release|Any CPU = Release|Any CPU
	EndGlobalSection
	GlobalSection(ProjectConfigurationPlatforms) = postSolution
		{2448E2B3-2D11-42F8-A09F-5B7CD1FCEDFA}.Debug|Any CPU.ActiveCfg = Debug|Any CPU
		{2448E2B3-2D11-42F8-A09F-5B7CD1FCEDFA}.Debug|Any CPU.Build.0 = Debug|Any CPU
		{2448E2B3-2D11-42F8-A09F-5B7CD1FCEDFA}.Release|Any CPU.ActiveCfg = Release|Any CPU
		{2448E2B3-2D11-42F8-A09F-5B7CD1FCEDFA}.Release|Any CPU.Build.0 = Release|Any CPU
	EndGlobalSection
	GlobalSection(SolutionProperties) = preSolution
		HideSolutionNode = FALSE
	EndGlobalSection
	GlobalSection(ExtensibilityGlobals) = postSolution
		SolutionGuid = {6A0732E5-6180-42D6-BCD9-B0A2A16BAFA5}
	EndGlobalSection
EndGlobal
