
Microsoft Visual Studio Solution File, Format Version 12.00
# Visual Studio Version 16
VisualStudioVersion = 16.0.33027.164
MinimumVisualStudioVersion = 10.0.40219.1
Project("{FAE04EC0-301F-11D3-BF4B-00C04F79EFBC}") = "LR5", "LR5\LR5.csproj", "{1CE58610-67BD-4EA4-98BC-721971324B7C}"
EndProject
Global
	GlobalSection(SolutionConfigurationPlatforms) = preSolution
		Debug|Any CPU = Debug|Any CPU
		Release|Any CPU = Release|Any CPU
	EndGlobalSection
	GlobalSection(ProjectConfigurationPlatforms) = postSolution
		{1CE58610-67BD-4EA4-98BC-721971324B7C}.Debug|Any CPU.ActiveCfg = Debug|Any CPU
		{1CE58610-67BD-4EA4-98BC-721971324B7C}.Debug|Any CPU.Build.0 = Debug|Any CPU
		{1CE58610-67BD-4EA4-98BC-721971324B7C}.Release|Any CPU.ActiveCfg = Release|Any CPU
		{1CE58610-67BD-4EA4-98BC-721971324B7C}.Release|Any CPU.Build.0 = Release|Any CPU
	EndGlobalSection
	GlobalSection(SolutionProperties) = preSolution
		HideSolutionNode = FALSE
	EndGlobalSection
	GlobalSection(ExtensibilityGlobals) = postSolution
		SolutionGuid = {F22E0529-0BAC-43EF-A8BA-DAE9A3CA5E72}
	EndGlobalSection
EndGlobal
