
Microsoft Visual Studio Solution File, Format Version 12.00
# Visual Studio Version 16
VisualStudioVersion = 16.0.33027.164
MinimumVisualStudioVersion = 10.0.40219.1
Project("{FAE04EC0-301F-11D3-BF4B-00C04F79EFBC}") = "LR15", "LR15\LR15.csproj", "{64ACE325-2970-4462-9BFE-5FA4DED1A777}"
EndProject
Global
	GlobalSection(SolutionConfigurationPlatforms) = preSolution
		Debug|Any CPU = Debug|Any CPU
		Release|Any CPU = Release|Any CPU
	EndGlobalSection
	GlobalSection(ProjectConfigurationPlatforms) = postSolution
		{64ACE325-2970-4462-9BFE-5FA4DED1A777}.Debug|Any CPU.ActiveCfg = Debug|Any CPU
		{64ACE325-2970-4462-9BFE-5FA4DED1A777}.Debug|Any CPU.Build.0 = Debug|Any CPU
		{64ACE325-2970-4462-9BFE-5FA4DED1A777}.Release|Any CPU.ActiveCfg = Release|Any CPU
		{64ACE325-2970-4462-9BFE-5FA4DED1A777}.Release|Any CPU.Build.0 = Release|Any CPU
	EndGlobalSection
	GlobalSection(SolutionProperties) = preSolution
		HideSolutionNode = FALSE
	EndGlobalSection
	GlobalSection(ExtensibilityGlobals) = postSolution
		SolutionGuid = {3673015D-0863-4ED9-A270-ED98BA4509E1}
	EndGlobalSection
EndGlobal
