
Microsoft Visual Studio Solution File, Format Version 12.00
# Visual Studio Version 16
VisualStudioVersion = 16.0.33027.164
MinimumVisualStudioVersion = 10.0.40219.1
Project("{FAE04EC0-301F-11D3-BF4B-00C04F79EFBC}") = "LR27", "LR27\LR27.csproj", "{4E340D19-8168-4D3B-9A6E-A77B3012DF30}"
EndProject
Global
	GlobalSection(SolutionConfigurationPlatforms) = preSolution
		Debug|Any CPU = Debug|Any CPU
		Release|Any CPU = Release|Any CPU
	EndGlobalSection
	GlobalSection(ProjectConfigurationPlatforms) = postSolution
		{4E340D19-8168-4D3B-9A6E-A77B3012DF30}.Debug|Any CPU.ActiveCfg = Debug|Any CPU
		{4E340D19-8168-4D3B-9A6E-A77B3012DF30}.Debug|Any CPU.Build.0 = Debug|Any CPU
		{4E340D19-8168-4D3B-9A6E-A77B3012DF30}.Release|Any CPU.ActiveCfg = Release|Any CPU
		{4E340D19-8168-4D3B-9A6E-A77B3012DF30}.Release|Any CPU.Build.0 = Release|Any CPU
	EndGlobalSection
	GlobalSection(SolutionProperties) = preSolution
		HideSolutionNode = FALSE
	EndGlobalSection
	GlobalSection(ExtensibilityGlobals) = postSolution
		SolutionGuid = {6E89E17C-31C0-44AE-B736-C2F278D1F93B}
	EndGlobalSection
EndGlobal
