
Microsoft Visual Studio Solution File, Format Version 12.00
# Visual Studio Version 16
VisualStudioVersion = 16.0.33027.164
MinimumVisualStudioVersion = 10.0.40219.1
Project("{FAE04EC0-301F-11D3-BF4B-00C04F79EFBC}") = "LR3", "LR3\LR3.csproj", "{60040C5E-9C53-475E-855B-7E95903484E6}"
EndProject
Global
	GlobalSection(SolutionConfigurationPlatforms) = preSolution
		Debug|Any CPU = Debug|Any CPU
		Release|Any CPU = Release|Any CPU
	EndGlobalSection
	GlobalSection(ProjectConfigurationPlatforms) = postSolution
		{60040C5E-9C53-475E-855B-7E95903484E6}.Debug|Any CPU.ActiveCfg = Debug|Any CPU
		{60040C5E-9C53-475E-855B-7E95903484E6}.Debug|Any CPU.Build.0 = Debug|Any CPU
		{60040C5E-9C53-475E-855B-7E95903484E6}.Release|Any CPU.ActiveCfg = Release|Any CPU
		{60040C5E-9C53-475E-855B-7E95903484E6}.Release|Any CPU.Build.0 = Release|Any CPU
	EndGlobalSection
	GlobalSection(SolutionProperties) = preSolution
		HideSolutionNode = FALSE
	EndGlobalSection
	GlobalSection(ExtensibilityGlobals) = postSolution
		SolutionGuid = {C328E11F-D56D-4705-932C-07D652778F0D}
	EndGlobalSection
EndGlobal
