
Microsoft Visual Studio Solution File, Format Version 12.00
# Visual Studio Version 16
VisualStudioVersion = 16.0.33027.164
MinimumVisualStudioVersion = 10.0.40219.1
Project("{FAE04EC0-301F-11D3-BF4B-00C04F79EFBC}") = "LR1", "LR1\LR1.csproj", "{00AA2232-5574-4299-8683-03E2A9C17C68}"
EndProject
Global
	GlobalSection(SolutionConfigurationPlatforms) = preSolution
		Debug|Any CPU = Debug|Any CPU
		Release|Any CPU = Release|Any CPU
	EndGlobalSection
	GlobalSection(ProjectConfigurationPlatforms) = postSolution
		{00AA2232-5574-4299-8683-03E2A9C17C68}.Debug|Any CPU.ActiveCfg = Debug|Any CPU
		{00AA2232-5574-4299-8683-03E2A9C17C68}.Debug|Any CPU.Build.0 = Debug|Any CPU
		{00AA2232-5574-4299-8683-03E2A9C17C68}.Release|Any CPU.ActiveCfg = Release|Any CPU
		{00AA2232-5574-4299-8683-03E2A9C17C68}.Release|Any CPU.Build.0 = Release|Any CPU
	EndGlobalSection
	GlobalSection(SolutionProperties) = preSolution
		HideSolutionNode = FALSE
	EndGlobalSection
	GlobalSection(ExtensibilityGlobals) = postSolution
		SolutionGuid = {558C82D2-B3D8-4DD6-B688-14C3845D0A1B}
	EndGlobalSection
EndGlobal
