
Microsoft Visual Studio Solution File, Format Version 12.00
# Visual Studio Version 16
VisualStudioVersion = 16.0.32901.82
MinimumVisualStudioVersion = 10.0.40219.1
Project("{FAE04EC0-301F-11D3-BF4B-00C04F79EFBC}") = "Project06", "Project06.csproj", "{4DC4E601-F99D-4298-A05E-0F533144506C}"
EndProject
Global
	GlobalSection(SolutionConfigurationPlatforms) = preSolution
		Debug|Any CPU = Debug|Any CPU
		Release|Any CPU = Release|Any CPU
	EndGlobalSection
	GlobalSection(ProjectConfigurationPlatforms) = postSolution
		{4DC4E601-F99D-4298-A05E-0F533144506C}.Debug|Any CPU.ActiveCfg = Release|Any CPU
		{4DC4E601-F99D-4298-A05E-0F533144506C}.Debug|Any CPU.Build.0 = Release|Any CPU
		{4DC4E601-F99D-4298-A05E-0F533144506C}.Release|Any CPU.ActiveCfg = Release|Any CPU
		{4DC4E601-F99D-4298-A05E-0F533144506C}.Release|Any CPU.Build.0 = Release|Any CPU
	EndGlobalSection
	GlobalSection(SolutionProperties) = preSolution
		HideSolutionNode = FALSE
	EndGlobalSection
	GlobalSection(ExtensibilityGlobals) = postSolution
		SolutionGuid = {5E0E3358-07A0-4582-B71F-2FA0AA2CF9FD}
	EndGlobalSection
EndGlobal
