
Microsoft Visual Studio Solution File, Format Version 12.00
# Visual Studio Version 16
VisualStudioVersion = 16.0.33027.164
MinimumVisualStudioVersion = 10.0.40219.1
Project("{FAE04EC0-301F-11D3-BF4B-00C04F79EFBC}") = "LR17", "LR17\LR17.csproj", "{02A0BC61-D26D-4789-BEEA-93F06968D1EA}"
EndProject
Global
	GlobalSection(SolutionConfigurationPlatforms) = preSolution
		Debug|Any CPU = Debug|Any CPU
		Release|Any CPU = Release|Any CPU
	EndGlobalSection
	GlobalSection(ProjectConfigurationPlatforms) = postSolution
		{02A0BC61-D26D-4789-BEEA-93F06968D1EA}.Debug|Any CPU.ActiveCfg = Debug|Any CPU
		{02A0BC61-D26D-4789-BEEA-93F06968D1EA}.Debug|Any CPU.Build.0 = Debug|Any CPU
		{02A0BC61-D26D-4789-BEEA-93F06968D1EA}.Release|Any CPU.ActiveCfg = Release|Any CPU
		{02A0BC61-D26D-4789-BEEA-93F06968D1EA}.Release|Any CPU.Build.0 = Release|Any CPU
	EndGlobalSection
	GlobalSection(SolutionProperties) = preSolution
		HideSolutionNode = FALSE
	EndGlobalSection
	GlobalSection(ExtensibilityGlobals) = postSolution
		SolutionGuid = {F6847E46-489B-46A7-8DC9-D911CB257BC4}
	EndGlobalSection
EndGlobal
