
Microsoft Visual Studio Solution File, Format Version 12.00
# Visual Studio Version 16
VisualStudioVersion = 16.0.33027.164
MinimumVisualStudioVersion = 10.0.40219.1
Project("{FAE04EC0-301F-11D3-BF4B-00C04F79EFBC}") = "LR3", "LR3\LR3.csproj", "{621CE412-A8BC-4579-AC71-D36C817F75CC}"
EndProject
Global
	GlobalSection(SolutionConfigurationPlatforms) = preSolution
		Debug|Any CPU = Debug|Any CPU
		Release|Any CPU = Release|Any CPU
	EndGlobalSection
	GlobalSection(ProjectConfigurationPlatforms) = postSolution
		{621CE412-A8BC-4579-AC71-D36C817F75CC}.Debug|Any CPU.ActiveCfg = Debug|Any CPU
		{621CE412-A8BC-4579-AC71-D36C817F75CC}.Debug|Any CPU.Build.0 = Debug|Any CPU
		{621CE412-A8BC-4579-AC71-D36C817F75CC}.Release|Any CPU.ActiveCfg = Release|Any CPU
		{621CE412-A8BC-4579-AC71-D36C817F75CC}.Release|Any CPU.Build.0 = Release|Any CPU
	EndGlobalSection
	GlobalSection(SolutionProperties) = preSolution
		HideSolutionNode = FALSE
	EndGlobalSection
	GlobalSection(ExtensibilityGlobals) = postSolution
		SolutionGuid = {2B27CD9C-FB22-40E8-BB86-FE211B0AD674}
	EndGlobalSection
EndGlobal
