
Microsoft Visual Studio Solution File, Format Version 12.00
# Visual Studio Version 16
VisualStudioVersion = 16.0.33027.164
MinimumVisualStudioVersion = 10.0.40219.1
Project("{FAE04EC0-301F-11D3-BF4B-00C04F79EFBC}") = "LR40", "LR40\LR40.csproj", "{813C5CBF-3DC8-42E2-9062-1535153D43CC}"
EndProject
Global
	GlobalSection(SolutionConfigurationPlatforms) = preSolution
		Debug|Any CPU = Debug|Any CPU
		Release|Any CPU = Release|Any CPU
	EndGlobalSection
	GlobalSection(ProjectConfigurationPlatforms) = postSolution
		{813C5CBF-3DC8-42E2-9062-1535153D43CC}.Debug|Any CPU.ActiveCfg = Debug|Any CPU
		{813C5CBF-3DC8-42E2-9062-1535153D43CC}.Debug|Any CPU.Build.0 = Debug|Any CPU
		{813C5CBF-3DC8-42E2-9062-1535153D43CC}.Release|Any CPU.ActiveCfg = Release|Any CPU
		{813C5CBF-3DC8-42E2-9062-1535153D43CC}.Release|Any CPU.Build.0 = Release|Any CPU
	EndGlobalSection
	GlobalSection(SolutionProperties) = preSolution
		HideSolutionNode = FALSE
	EndGlobalSection
	GlobalSection(ExtensibilityGlobals) = postSolution
		SolutionGuid = {0FF1EA99-6E66-4DD7-8360-71BD38B290DD}
	EndGlobalSection
EndGlobal
