
Microsoft Visual Studio Solution File, Format Version 12.00
# Visual Studio Version 16
VisualStudioVersion = 16.0.33027.164
MinimumVisualStudioVersion = 10.0.40219.1
Project("{FAE04EC0-301F-11D3-BF4B-00C04F79EFBC}") = "LR13", "LR13\LR13.csproj", "{15EF6C74-1DB2-4C66-9F26-A7BF94884797}"
EndProject
Global
	GlobalSection(SolutionConfigurationPlatforms) = preSolution
		Debug|Any CPU = Debug|Any CPU
		Release|Any CPU = Release|Any CPU
	EndGlobalSection
	GlobalSection(ProjectConfigurationPlatforms) = postSolution
		{15EF6C74-1DB2-4C66-9F26-A7BF94884797}.Debug|Any CPU.ActiveCfg = Debug|Any CPU
		{15EF6C74-1DB2-4C66-9F26-A7BF94884797}.Debug|Any CPU.Build.0 = Debug|Any CPU
		{15EF6C74-1DB2-4C66-9F26-A7BF94884797}.Release|Any CPU.ActiveCfg = Release|Any CPU
		{15EF6C74-1DB2-4C66-9F26-A7BF94884797}.Release|Any CPU.Build.0 = Release|Any CPU
	EndGlobalSection
	GlobalSection(SolutionProperties) = preSolution
		HideSolutionNode = FALSE
	EndGlobalSection
	GlobalSection(ExtensibilityGlobals) = postSolution
		SolutionGuid = {56CA0201-EB65-4430-8C6D-4195FE9FF6C2}
	EndGlobalSection
EndGlobal
