
Microsoft Visual Studio Solution File, Format Version 12.00
# Visual Studio Version 16
VisualStudioVersion = 16.0.33027.164
MinimumVisualStudioVersion = 10.0.40219.1
Project("{FAE04EC0-301F-11D3-BF4B-00C04F79EFBC}") = "LR28", "LR28\LR28.csproj", "{EE5544DA-DF19-402C-8A63-A63B25810748}"
EndProject
Global
	GlobalSection(SolutionConfigurationPlatforms) = preSolution
		Debug|Any CPU = Debug|Any CPU
		Release|Any CPU = Release|Any CPU
	EndGlobalSection
	GlobalSection(ProjectConfigurationPlatforms) = postSolution
		{EE5544DA-DF19-402C-8A63-A63B25810748}.Debug|Any CPU.ActiveCfg = Debug|Any CPU
		{EE5544DA-DF19-402C-8A63-A63B25810748}.Debug|Any CPU.Build.0 = Debug|Any CPU
		{EE5544DA-DF19-402C-8A63-A63B25810748}.Release|Any CPU.ActiveCfg = Release|Any CPU
		{EE5544DA-DF19-402C-8A63-A63B25810748}.Release|Any CPU.Build.0 = Release|Any CPU
	EndGlobalSection
	GlobalSection(SolutionProperties) = preSolution
		HideSolutionNode = FALSE
	EndGlobalSection
	GlobalSection(ExtensibilityGlobals) = postSolution
		SolutionGuid = {5F615E60-FAE5-45C5-87EA-D37C55E8A218}
	EndGlobalSection
EndGlobal
