
Microsoft Visual Studio Solution File, Format Version 12.00
# Visual Studio Version 16
VisualStudioVersion = 16.0.33027.164
MinimumVisualStudioVersion = 10.0.40219.1
Project("{FAE04EC0-301F-11D3-BF4B-00C04F79EFBC}") = "LR18", "LR18\LR18.csproj", "{1FCE08FB-9EAA-4DCF-B402-5532B9FB8835}"
EndProject
Global
	GlobalSection(SolutionConfigurationPlatforms) = preSolution
		Debug|Any CPU = Debug|Any CPU
		Release|Any CPU = Release|Any CPU
	EndGlobalSection
	GlobalSection(ProjectConfigurationPlatforms) = postSolution
		{1FCE08FB-9EAA-4DCF-B402-5532B9FB8835}.Debug|Any CPU.ActiveCfg = Debug|Any CPU
		{1FCE08FB-9EAA-4DCF-B402-5532B9FB8835}.Debug|Any CPU.Build.0 = Debug|Any CPU
		{1FCE08FB-9EAA-4DCF-B402-5532B9FB8835}.Release|Any CPU.ActiveCfg = Release|Any CPU
		{1FCE08FB-9EAA-4DCF-B402-5532B9FB8835}.Release|Any CPU.Build.0 = Release|Any CPU
	EndGlobalSection
	GlobalSection(SolutionProperties) = preSolution
		HideSolutionNode = FALSE
	EndGlobalSection
	GlobalSection(ExtensibilityGlobals) = postSolution
		SolutionGuid = {7ECBAA11-E46F-4D75-90A6-012A6A365AA8}
	EndGlobalSection
EndGlobal
