
Microsoft Visual Studio Solution File, Format Version 12.00
# Visual Studio Version 16
VisualStudioVersion = 16.0.33027.164
MinimumVisualStudioVersion = 10.0.40219.1
Project("{FAE04EC0-301F-11D3-BF4B-00C04F79EFBC}") = "LR44", "LR44\LR44.csproj", "{0B9DBBEB-D939-4D09-9E3A-A096C509050A}"
EndProject
Global
	GlobalSection(SolutionConfigurationPlatforms) = preSolution
		Debug|Any CPU = Debug|Any CPU
		Release|Any CPU = Release|Any CPU
	EndGlobalSection
	GlobalSection(ProjectConfigurationPlatforms) = postSolution
		{0B9DBBEB-D939-4D09-9E3A-A096C509050A}.Debug|Any CPU.ActiveCfg = Debug|Any CPU
		{0B9DBBEB-D939-4D09-9E3A-A096C509050A}.Debug|Any CPU.Build.0 = Debug|Any CPU
		{0B9DBBEB-D939-4D09-9E3A-A096C509050A}.Release|Any CPU.ActiveCfg = Release|Any CPU
		{0B9DBBEB-D939-4D09-9E3A-A096C509050A}.Release|Any CPU.Build.0 = Release|Any CPU
	EndGlobalSection
	GlobalSection(SolutionProperties) = preSolution
		HideSolutionNode = FALSE
	EndGlobalSection
	GlobalSection(ExtensibilityGlobals) = postSolution
		SolutionGuid = {5BBD90B6-0BAA-44A5-95EB-77DDEA8DBEED}
	EndGlobalSection
EndGlobal
